// !$*UTF8*$!
{
	archiveVersion = 1;
	classes = {
	};
	objectVersion = 50;
	objects = {

/* Begin PBXBuildFile section */
		174B2592270BD74D0052D170 /* Dartmouth Directory.swift in Sources */ = {isa = PBXBuildFile; fileRef = 174B2591270BD74D0052D170 /* Dartmouth Directory.swift */; };
		174B2594270BD7500052D170 /* Assets.xcassets in Resources */ = {isa = PBXBuildFile; fileRef = 174B2593270BD7500052D170 /* Assets.xcassets */; };
		174B2597270BD7500052D170 /* Preview Assets.xcassets in Resources */ = {isa = PBXBuildFile; fileRef = 174B2596270BD7500052D170 /* Preview Assets.xcassets */; };
<<<<<<< HEAD
=======
		1785973527BA94980046CE14 /* LazyView.swift in Sources */ = {isa = PBXBuildFile; fileRef = 1785973427BA94980046CE14 /* LazyView.swift */; };
>>>>>>> ad29315 (Initial Commit)
		17F521A42714B49C00CFEBD6 /* Lookup.swift in Sources */ = {isa = PBXBuildFile; fileRef = 17F521A32714B49C00CFEBD6 /* Lookup.swift */; };
		17F521A62714B4D900CFEBD6 /* ContactView.swift in Sources */ = {isa = PBXBuildFile; fileRef = 17F521A52714B4D900CFEBD6 /* ContactView.swift */; };
		17F521A82714B98F00CFEBD6 /* ItemViews.swift in Sources */ = {isa = PBXBuildFile; fileRef = 17F521A72714B98F00CFEBD6 /* ItemViews.swift */; };
/* End PBXBuildFile section */

/* Begin PBXFileReference section */
		174B258C270BD74D0052D170 /* Dartmouth Directory.app */ = {isa = PBXFileReference; explicitFileType = wrapper.application; includeInIndex = 0; path = "Dartmouth Directory.app"; sourceTree = BUILT_PRODUCTS_DIR; };
		174B2591270BD74D0052D170 /* Dartmouth Directory.swift */ = {isa = PBXFileReference; lastKnownFileType = sourcecode.swift; path = "Dartmouth Directory.swift"; sourceTree = "<group>"; };
		174B2593270BD7500052D170 /* Assets.xcassets */ = {isa = PBXFileReference; lastKnownFileType = folder.assetcatalog; path = Assets.xcassets; sourceTree = "<group>"; };
		174B2596270BD7500052D170 /* Preview Assets.xcassets */ = {isa = PBXFileReference; lastKnownFileType = folder.assetcatalog; path = "Preview Assets.xcassets"; sourceTree = "<group>"; };
		174B2598270BD7500052D170 /* Info.plist */ = {isa = PBXFileReference; lastKnownFileType = text.plist.xml; path = Info.plist; sourceTree = "<group>"; };
		174B259E270BDAD30052D170 /* Dartmouth Directory.entitlements */ = {isa = PBXFileReference; lastKnownFileType = text.plist.entitlements; path = "Dartmouth Directory.entitlements"; sourceTree = "<group>"; };
<<<<<<< HEAD
=======
		1785973427BA94980046CE14 /* LazyView.swift */ = {isa = PBXFileReference; lastKnownFileType = sourcecode.swift; path = LazyView.swift; sourceTree = "<group>"; };
>>>>>>> ad29315 (Initial Commit)
		17F521A32714B49C00CFEBD6 /* Lookup.swift */ = {isa = PBXFileReference; lastKnownFileType = sourcecode.swift; path = Lookup.swift; sourceTree = "<group>"; };
		17F521A52714B4D900CFEBD6 /* ContactView.swift */ = {isa = PBXFileReference; lastKnownFileType = sourcecode.swift; path = ContactView.swift; sourceTree = "<group>"; };
		17F521A72714B98F00CFEBD6 /* ItemViews.swift */ = {isa = PBXFileReference; lastKnownFileType = sourcecode.swift; path = ItemViews.swift; sourceTree = "<group>"; };
/* End PBXFileReference section */

/* Begin PBXFrameworksBuildPhase section */
		174B2589270BD74D0052D170 /* Frameworks */ = {
			isa = PBXFrameworksBuildPhase;
			buildActionMask = 2147483647;
			files = (
			);
			runOnlyForDeploymentPostprocessing = 0;
		};
/* End PBXFrameworksBuildPhase section */

/* Begin PBXGroup section */
		174B2583270BD74D0052D170 = {
			isa = PBXGroup;
			children = (
				174B258E270BD74D0052D170 /* Dartmouth Directory */,
				174B258D270BD74D0052D170 /* Products */,
			);
			sourceTree = "<group>";
		};
		174B258D270BD74D0052D170 /* Products */ = {
			isa = PBXGroup;
			children = (
				174B258C270BD74D0052D170 /* Dartmouth Directory.app */,
			);
			name = Products;
			sourceTree = "<group>";
		};
		174B258E270BD74D0052D170 /* Dartmouth Directory */ = {
			isa = PBXGroup;
			children = (
				174B259E270BDAD30052D170 /* Dartmouth Directory.entitlements */,
				174B2591270BD74D0052D170 /* Dartmouth Directory.swift */,
				17F521A72714B98F00CFEBD6 /* ItemViews.swift */,
				17F521A52714B4D900CFEBD6 /* ContactView.swift */,
<<<<<<< HEAD
=======
				1785973427BA94980046CE14 /* LazyView.swift */,
>>>>>>> ad29315 (Initial Commit)
				17F521A32714B49C00CFEBD6 /* Lookup.swift */,
				174B2593270BD7500052D170 /* Assets.xcassets */,
				174B2598270BD7500052D170 /* Info.plist */,
				174B2595270BD7500052D170 /* Preview Content */,
			);
			path = "Dartmouth Directory";
			sourceTree = "<group>";
		};
		174B2595270BD7500052D170 /* Preview Content */ = {
			isa = PBXGroup;
			children = (
				174B2596270BD7500052D170 /* Preview Assets.xcassets */,
			);
			path = "Preview Content";
			sourceTree = "<group>";
		};
/* End PBXGroup section */

/* Begin PBXNativeTarget section */
		174B258B270BD74D0052D170 /* Dartmouth Directory */ = {
			isa = PBXNativeTarget;
			buildConfigurationList = 174B259B270BD7500052D170 /* Build configuration list for PBXNativeTarget "Dartmouth Directory" */;
			buildPhases = (
				174B2588270BD74D0052D170 /* Sources */,
				174B2589270BD74D0052D170 /* Frameworks */,
				174B258A270BD74D0052D170 /* Resources */,
			);
			buildRules = (
			);
			dependencies = (
			);
			name = "Dartmouth Directory";
			productName = "Dartmouth Directory";
			productReference = 174B258C270BD74D0052D170 /* Dartmouth Directory.app */;
			productType = "com.apple.product-type.application";
		};
/* End PBXNativeTarget section */

/* Begin PBXProject section */
		174B2584270BD74D0052D170 /* Project object */ = {
			isa = PBXProject;
			attributes = {
				LastSwiftUpdateCheck = 1250;
				LastUpgradeCheck = 1250;
				TargetAttributes = {
					174B258B270BD74D0052D170 = {
						CreatedOnToolsVersion = 12.5.1;
					};
				};
			};
			buildConfigurationList = 174B2587270BD74D0052D170 /* Build configuration list for PBXProject "Dartmouth Directory" */;
			compatibilityVersion = "Xcode 9.3";
			developmentRegion = en;
			hasScannedForEncodings = 0;
			knownRegions = (
				en,
				Base,
			);
			mainGroup = 174B2583270BD74D0052D170;
			productRefGroup = 174B258D270BD74D0052D170 /* Products */;
			projectDirPath = "";
			projectRoot = "";
			targets = (
				174B258B270BD74D0052D170 /* Dartmouth Directory */,
			);
		};
/* End PBXProject section */

/* Begin PBXResourcesBuildPhase section */
		174B258A270BD74D0052D170 /* Resources */ = {
			isa = PBXResourcesBuildPhase;
			buildActionMask = 2147483647;
			files = (
				174B2597270BD7500052D170 /* Preview Assets.xcassets in Resources */,
				174B2594270BD7500052D170 /* Assets.xcassets in Resources */,
			);
			runOnlyForDeploymentPostprocessing = 0;
		};
/* End PBXResourcesBuildPhase section */

/* Begin PBXSourcesBuildPhase section */
		174B2588270BD74D0052D170 /* Sources */ = {
			isa = PBXSourcesBuildPhase;
			buildActionMask = 2147483647;
			files = (
				174B2592270BD74D0052D170 /* Dartmouth Directory.swift in Sources */,
				17F521A62714B4D900CFEBD6 /* ContactView.swift in Sources */,
				17F521A42714B49C00CFEBD6 /* Lookup.swift in Sources */,
<<<<<<< HEAD
=======
				1785973527BA94980046CE14 /* LazyView.swift in Sources */,
>>>>>>> ad29315 (Initial Commit)
				17F521A82714B98F00CFEBD6 /* ItemViews.swift in Sources */,
			);
			runOnlyForDeploymentPostprocessing = 0;
		};
/* End PBXSourcesBuildPhase section */

/* Begin XCBuildConfiguration section */
		174B2599270BD7500052D170 /* Debug */ = {
			isa = XCBuildConfiguration;
			buildSettings = {
				ALWAYS_SEARCH_USER_PATHS = NO;
				CLANG_ANALYZER_NONNULL = YES;
				CLANG_ANALYZER_NUMBER_OBJECT_CONVERSION = YES_AGGRESSIVE;
				CLANG_CXX_LANGUAGE_STANDARD = "gnu++14";
				CLANG_CXX_LIBRARY = "libc++";
				CLANG_ENABLE_MODULES = YES;
				CLANG_ENABLE_OBJC_ARC = YES;
				CLANG_ENABLE_OBJC_WEAK = YES;
				CLANG_WARN_BLOCK_CAPTURE_AUTORELEASING = YES;
				CLANG_WARN_BOOL_CONVERSION = YES;
				CLANG_WARN_COMMA = YES;
				CLANG_WARN_CONSTANT_CONVERSION = YES;
				CLANG_WARN_DEPRECATED_OBJC_IMPLEMENTATIONS = YES;
				CLANG_WARN_DIRECT_OBJC_ISA_USAGE = YES_ERROR;
				CLANG_WARN_DOCUMENTATION_COMMENTS = YES;
				CLANG_WARN_EMPTY_BODY = YES;
				CLANG_WARN_ENUM_CONVERSION = YES;
				CLANG_WARN_INFINITE_RECURSION = YES;
				CLANG_WARN_INT_CONVERSION = YES;
				CLANG_WARN_NON_LITERAL_NULL_CONVERSION = YES;
				CLANG_WARN_OBJC_IMPLICIT_RETAIN_SELF = YES;
				CLANG_WARN_OBJC_LITERAL_CONVERSION = YES;
				CLANG_WARN_OBJC_ROOT_CLASS = YES_ERROR;
				CLANG_WARN_QUOTED_INCLUDE_IN_FRAMEWORK_HEADER = YES;
				CLANG_WARN_RANGE_LOOP_ANALYSIS = YES;
				CLANG_WARN_STRICT_PROTOTYPES = YES;
				CLANG_WARN_SUSPICIOUS_MOVE = YES;
				CLANG_WARN_UNGUARDED_AVAILABILITY = YES_AGGRESSIVE;
				CLANG_WARN_UNREACHABLE_CODE = YES;
				CLANG_WARN__DUPLICATE_METHOD_MATCH = YES;
				COPY_PHASE_STRIP = NO;
				DEBUG_INFORMATION_FORMAT = dwarf;
				ENABLE_STRICT_OBJC_MSGSEND = YES;
				ENABLE_TESTABILITY = YES;
				GCC_C_LANGUAGE_STANDARD = gnu11;
				GCC_DYNAMIC_NO_PIC = NO;
				GCC_NO_COMMON_BLOCKS = YES;
				GCC_OPTIMIZATION_LEVEL = 0;
				GCC_PREPROCESSOR_DEFINITIONS = (
					"DEBUG=1",
					"$(inherited)",
				);
				GCC_WARN_64_TO_32_BIT_CONVERSION = YES;
				GCC_WARN_ABOUT_RETURN_TYPE = YES_ERROR;
				GCC_WARN_UNDECLARED_SELECTOR = YES;
				GCC_WARN_UNINITIALIZED_AUTOS = YES_AGGRESSIVE;
				GCC_WARN_UNUSED_FUNCTION = YES;
				GCC_WARN_UNUSED_VARIABLE = YES;
				IPHONEOS_DEPLOYMENT_TARGET = 15.0;
				MTL_ENABLE_DEBUG_INFO = INCLUDE_SOURCE;
				MTL_FAST_MATH = YES;
				ONLY_ACTIVE_ARCH = YES;
				SDKROOT = iphoneos;
				SWIFT_ACTIVE_COMPILATION_CONDITIONS = DEBUG;
				SWIFT_OPTIMIZATION_LEVEL = "-Onone";
			};
			name = Debug;
		};
		174B259A270BD7500052D170 /* Release */ = {
			isa = XCBuildConfiguration;
			buildSettings = {
				ALWAYS_SEARCH_USER_PATHS = NO;
				CLANG_ANALYZER_NONNULL = YES;
				CLANG_ANALYZER_NUMBER_OBJECT_CONVERSION = YES_AGGRESSIVE;
				CLANG_CXX_LANGUAGE_STANDARD = "gnu++14";
				CLANG_CXX_LIBRARY = "libc++";
				CLANG_ENABLE_MODULES = YES;
				CLANG_ENABLE_OBJC_ARC = YES;
				CLANG_ENABLE_OBJC_WEAK = YES;
				CLANG_WARN_BLOCK_CAPTURE_AUTORELEASING = YES;
				CLANG_WARN_BOOL_CONVERSION = YES;
				CLANG_WARN_COMMA = YES;
				CLANG_WARN_CONSTANT_CONVERSION = YES;
				CLANG_WARN_DEPRECATED_OBJC_IMPLEMENTATIONS = YES;
				CLANG_WARN_DIRECT_OBJC_ISA_USAGE = YES_ERROR;
				CLANG_WARN_DOCUMENTATION_COMMENTS = YES;
				CLANG_WARN_EMPTY_BODY = YES;
				CLANG_WARN_ENUM_CONVERSION = YES;
				CLANG_WARN_INFINITE_RECURSION = YES;
				CLANG_WARN_INT_CONVERSION = YES;
				CLANG_WARN_NON_LITERAL_NULL_CONVERSION = YES;
				CLANG_WARN_OBJC_IMPLICIT_RETAIN_SELF = YES;
				CLANG_WARN_OBJC_LITERAL_CONVERSION = YES;
				CLANG_WARN_OBJC_ROOT_CLASS = YES_ERROR;
				CLANG_WARN_QUOTED_INCLUDE_IN_FRAMEWORK_HEADER = YES;
				CLANG_WARN_RANGE_LOOP_ANALYSIS = YES;
				CLANG_WARN_STRICT_PROTOTYPES = YES;
				CLANG_WARN_SUSPICIOUS_MOVE = YES;
				CLANG_WARN_UNGUARDED_AVAILABILITY = YES_AGGRESSIVE;
				CLANG_WARN_UNREACHABLE_CODE = YES;
				CLANG_WARN__DUPLICATE_METHOD_MATCH = YES;
				COPY_PHASE_STRIP = NO;
				DEBUG_INFORMATION_FORMAT = "dwarf-with-dsym";
				ENABLE_NS_ASSERTIONS = NO;
				ENABLE_STRICT_OBJC_MSGSEND = YES;
				GCC_C_LANGUAGE_STANDARD = gnu11;
				GCC_NO_COMMON_BLOCKS = YES;
				GCC_WARN_64_TO_32_BIT_CONVERSION = YES;
				GCC_WARN_ABOUT_RETURN_TYPE = YES_ERROR;
				GCC_WARN_UNDECLARED_SELECTOR = YES;
				GCC_WARN_UNINITIALIZED_AUTOS = YES_AGGRESSIVE;
				GCC_WARN_UNUSED_FUNCTION = YES;
				GCC_WARN_UNUSED_VARIABLE = YES;
				IPHONEOS_DEPLOYMENT_TARGET = 15.0;
				MTL_ENABLE_DEBUG_INFO = NO;
				MTL_FAST_MATH = YES;
				SDKROOT = iphoneos;
				SWIFT_COMPILATION_MODE = wholemodule;
				SWIFT_OPTIMIZATION_LEVEL = "-O";
				VALIDATE_PRODUCT = YES;
			};
			name = Release;
		};
		174B259C270BD7500052D170 /* Debug */ = {
			isa = XCBuildConfiguration;
			buildSettings = {
				ASSETCATALOG_COMPILER_APPICON_NAME = AppIcon;
				ASSETCATALOG_COMPILER_GLOBAL_ACCENT_COLOR_NAME = AccentColor;
				CODE_SIGN_ENTITLEMENTS = "Dartmouth Directory/Dartmouth Directory.entitlements";
				CODE_SIGN_STYLE = Automatic;
				DEVELOPMENT_ASSET_PATHS = "\"Dartmouth Directory/Preview Content\"";
				DEVELOPMENT_TEAM = ZWNYM87BB9;
				ENABLE_PREVIEWS = YES;
				INFOPLIST_FILE = "Dartmouth Directory/Info.plist";
				IPHONEOS_DEPLOYMENT_TARGET = 15.0;
				LD_RUNPATH_SEARCH_PATHS = (
					"$(inherited)",
					"@executable_path/Frameworks",
				);
				PRODUCT_BUNDLE_IDENTIFIER = "com.jordanmann.Dartmouth-Directory";
				PRODUCT_NAME = "$(TARGET_NAME)";
				SUPPORTS_MACCATALYST = YES;
				SWIFT_VERSION = 5.0;
				TARGETED_DEVICE_FAMILY = "1,2,6";
			};
			name = Debug;
		};
		174B259D270BD7500052D170 /* Release */ = {
			isa = XCBuildConfiguration;
			buildSettings = {
				ASSETCATALOG_COMPILER_APPICON_NAME = AppIcon;
				ASSETCATALOG_COMPILER_GLOBAL_ACCENT_COLOR_NAME = AccentColor;
				CODE_SIGN_ENTITLEMENTS = "Dartmouth Directory/Dartmouth Directory.entitlements";
				CODE_SIGN_STYLE = Automatic;
				DEVELOPMENT_ASSET_PATHS = "\"Dartmouth Directory/Preview Content\"";
				DEVELOPMENT_TEAM = ZWNYM87BB9;
				ENABLE_PREVIEWS = YES;
				INFOPLIST_FILE = "Dartmouth Directory/Info.plist";
				IPHONEOS_DEPLOYMENT_TARGET = 15.0;
				LD_RUNPATH_SEARCH_PATHS = (
					"$(inherited)",
					"@executable_path/Frameworks",
				);
				PRODUCT_BUNDLE_IDENTIFIER = "com.jordanmann.Dartmouth-Directory";
				PRODUCT_NAME = "$(TARGET_NAME)";
				SUPPORTS_MACCATALYST = YES;
				SWIFT_VERSION = 5.0;
				TARGETED_DEVICE_FAMILY = "1,2,6";
			};
			name = Release;
		};
/* End XCBuildConfiguration section */

/* Begin XCConfigurationList section */
		174B2587270BD74D0052D170 /* Build configuration list for PBXProject "Dartmouth Directory" */ = {
			isa = XCConfigurationList;
			buildConfigurations = (
				174B2599270BD7500052D170 /* Debug */,
				174B259A270BD7500052D170 /* Release */,
			);
			defaultConfigurationIsVisible = 0;
			defaultConfigurationName = Release;
		};
		174B259B270BD7500052D170 /* Build configuration list for PBXNativeTarget "Dartmouth Directory" */ = {
			isa = XCConfigurationList;
			buildConfigurations = (
				174B259C270BD7500052D170 /* Debug */,
				174B259D270BD7500052D170 /* Release */,
			);
			defaultConfigurationIsVisible = 0;
			defaultConfigurationName = Release;
		};
/* End XCConfigurationList section */
	};
	rootObject = 174B2584270BD74D0052D170 /* Project object */;
}
